
Microsoft Visual Studio Solution File, Format Version 12.00
# Visual Studio Version 17
VisualStudioVersion = 17.7.34202.233
MinimumVisualStudioVersion = 10.0.40219.1
Project("{FAE04EC0-301F-11D3-BF4B-00C04F79EFBC}") = "MVCReactApp", "MVCReactApp\MVCReactApp.csproj", "{3AE3E71B-899F-4504-8E27-78DE470D9D45}"
EndProject
Global
	GlobalSection(SolutionConfigurationPlatforms) = preSolution
		Debug|Any CPU = Debug|Any CPU
		Release|Any CPU = Release|Any CPU
	EndGlobalSection
	GlobalSection(ProjectConfigurationPlatforms) = postSolution
		{3AE3E71B-899F-4504-8E27-78DE470D9D45}.Debug|Any CPU.ActiveCfg = Debug|Any CPU
		{3AE3E71B-899F-4504-8E27-78DE470D9D45}.Debug|Any CPU.Build.0 = Debug|Any CPU
		{3AE3E71B-899F-4504-8E27-78DE470D9D45}.Release|Any CPU.ActiveCfg = Release|Any CPU
		{3AE3E71B-899F-4504-8E27-78DE470D9D45}.Release|Any CPU.Build.0 = Release|Any CPU
	EndGlobalSection
	GlobalSection(SolutionProperties) = preSolution
		HideSolutionNode = FALSE
	EndGlobalSection
	GlobalSection(ExtensibilityGlobals) = postSolution
		SolutionGuid = {E730459E-49F8-46B0-80A6-B0A347C3A1A8}
	EndGlobalSection
EndGlobal
